
Microsoft Visual Studio Solution File, Format Version 12.00
# Visual Studio 15
VisualStudioVersion = 15.0.28307.136
MinimumVisualStudioVersion = 10.0.40219.1
Project("{9A19103F-16F7-4668-BE54-9A1E7A4F7556}") = "storm.umbraco.contrib", "src\storm.umbraco.contrib\storm.umbraco.contrib.csproj", "{CBD6EE93-888B-4A0F-8944-DFF06A3EF733}"
EndProject
Project("{9A19103F-16F7-4668-BE54-9A1E7A4F7556}") = "contrib.tests", "tests\contrib.tests\contrib.tests.csproj", "{F621EBF4-2E22-44F7-A844-BC9A6CE971C0}"
EndProject
Global
	GlobalSection(SolutionConfigurationPlatforms) = preSolution
		Debug|Any CPU = Debug|Any CPU
		Release|Any CPU = Release|Any CPU
	EndGlobalSection
	GlobalSection(ProjectConfigurationPlatforms) = postSolution
		{CBD6EE93-888B-4A0F-8944-DFF06A3EF733}.Debug|Any CPU.ActiveCfg = Debug|Any CPU
		{CBD6EE93-888B-4A0F-8944-DFF06A3EF733}.Debug|Any CPU.Build.0 = Debug|Any CPU
		{CBD6EE93-888B-4A0F-8944-DFF06A3EF733}.Release|Any CPU.ActiveCfg = Release|Any CPU
		{CBD6EE93-888B-4A0F-8944-DFF06A3EF733}.Release|Any CPU.Build.0 = Release|Any CPU
		{F621EBF4-2E22-44F7-A844-BC9A6CE971C0}.Debug|Any CPU.ActiveCfg = Debug|Any CPU
		{F621EBF4-2E22-44F7-A844-BC9A6CE971C0}.Debug|Any CPU.Build.0 = Debug|Any CPU
		{F621EBF4-2E22-44F7-A844-BC9A6CE971C0}.Release|Any CPU.ActiveCfg = Release|Any CPU
		{F621EBF4-2E22-44F7-A844-BC9A6CE971C0}.Release|Any CPU.Build.0 = Release|Any CPU
	EndGlobalSection
	GlobalSection(SolutionProperties) = preSolution
		HideSolutionNode = FALSE
	EndGlobalSection
	GlobalSection(ExtensibilityGlobals) = postSolution
		SolutionGuid = {F0780CBF-CBE4-4E50-A472-124F61865E40}
	EndGlobalSection
EndGlobal
